// !$*UTF8*$!
{
	archiveVersion = 1;
	classes = {
	};
	objectVersion = 50;
	objects = {

/* Begin PBXBuildFile section */
		12828F0A6EB196940B3D1173 /* Pods_Burrito_PlacesUITests.framework in Frameworks */ = {isa = PBXBuildFile; fileRef = 0C47A8F086D8D95B1F4B0F3D /* Pods_Burrito_PlacesUITests.framework */; };
		78F0B8A2574300FD8A7C71F1 /* Pods_Burrito_PlacesTests.framework in Frameworks */ = {isa = PBXBuildFile; fileRef = 472A125946B45E50BFBF1E27 /* Pods_Burrito_PlacesTests.framework */; };
		8F0920D4EA2FC3B449F54AE5 /* Pods_Burrito_Places.framework in Frameworks */ = {isa = PBXBuildFile; fileRef = FD78B37B09086E876A0117C7 /* Pods_Burrito_Places.framework */; };
		CE305BA120DAE602006BA86C /* Map.storyboard in Resources */ = {isa = PBXBuildFile; fileRef = CE305BA020DAE602006BA86C /* Map.storyboard */; };
		CE305BA420DAE9EC006BA86C /* MapExtensions.swift in Sources */ = {isa = PBXBuildFile; fileRef = CE305BA320DAE9EC006BA86C /* MapExtensions.swift */; };
		CEFDEB3920D98A280010BAD2 /* AppDelegate.swift in Sources */ = {isa = PBXBuildFile; fileRef = CEFDEB3820D98A280010BAD2 /* AppDelegate.swift */; };
		CEFDEB3E20D98A280010BAD2 /* Main.storyboard in Resources */ = {isa = PBXBuildFile; fileRef = CEFDEB3C20D98A280010BAD2 /* Main.storyboard */; };
		CEFDEB4120D98A280010BAD2 /* Burrito_Places.xcdatamodeld in Sources */ = {isa = PBXBuildFile; fileRef = CEFDEB3F20D98A280010BAD2 /* Burrito_Places.xcdatamodeld */; };
		CEFDEB4320D98A2A0010BAD2 /* Assets.xcassets in Resources */ = {isa = PBXBuildFile; fileRef = CEFDEB4220D98A2A0010BAD2 /* Assets.xcassets */; };
		CEFDEB4620D98A2A0010BAD2 /* LaunchScreen.storyboard in Resources */ = {isa = PBXBuildFile; fileRef = CEFDEB4420D98A2A0010BAD2 /* LaunchScreen.storyboard */; };
		CEFDEB5120D98A2A0010BAD2 /* Burrito_PlacesTests.swift in Sources */ = {isa = PBXBuildFile; fileRef = CEFDEB5020D98A2A0010BAD2 /* Burrito_PlacesTests.swift */; };
		CEFDEB5C20D98A2A0010BAD2 /* Burrito_PlacesUITests.swift in Sources */ = {isa = PBXBuildFile; fileRef = CEFDEB5B20D98A2A0010BAD2 /* Burrito_PlacesUITests.swift */; };
		CEFDEB7120D994200010BAD2 /* BurritoPlacesMapViewController.swift in Sources */ = {isa = PBXBuildFile; fileRef = CEFDEB7020D994200010BAD2 /* BurritoPlacesMapViewController.swift */; };
		CEFDEB7320D9AE840010BAD2 /* BurritoExtensions.swift in Sources */ = {isa = PBXBuildFile; fileRef = CEFDEB7220D9AE840010BAD2 /* BurritoExtensions.swift */; };
		CEFDEB7520D9B7890010BAD2 /* BurritoPlacesTableViewController.swift in Sources */ = {isa = PBXBuildFile; fileRef = CEFDEB7420D9B7890010BAD2 /* BurritoPlacesTableViewController.swift */; };
		CEFDEB7720D9B7F70010BAD2 /* BurritoPlaceTableViewCell.swift in Sources */ = {isa = PBXBuildFile; fileRef = CEFDEB7620D9B7F70010BAD2 /* BurritoPlaceTableViewCell.swift */; };
/* End PBXBuildFile section */

/* Begin PBXContainerItemProxy section */
		CEFDEB4D20D98A2A0010BAD2 /* PBXContainerItemProxy */ = {
			isa = PBXContainerItemProxy;
			containerPortal = CEFDEB2D20D98A280010BAD2 /* Project object */;
			proxyType = 1;
			remoteGlobalIDString = CEFDEB3420D98A280010BAD2;
			remoteInfo = "Burrito Places";
		};
		CEFDEB5820D98A2A0010BAD2 /* PBXContainerItemProxy */ = {
			isa = PBXContainerItemProxy;
			containerPortal = CEFDEB2D20D98A280010BAD2 /* Project object */;
			proxyType = 1;
			remoteGlobalIDString = CEFDEB3420D98A280010BAD2;
			remoteInfo = "Burrito Places";
		};
/* End PBXContainerItemProxy section */

/* Begin PBXFileReference section */
		079B368FC3DC6A296A3667DF /* Pods-Burrito PlacesTests.debug.xcconfig */ = {isa = PBXFileReference; includeInIndex = 1; lastKnownFileType = text.xcconfig; name = "Pods-Burrito PlacesTests.debug.xcconfig"; path = "Pods/Target Support Files/Pods-Burrito PlacesTests/Pods-Burrito PlacesTests.debug.xcconfig"; sourceTree = "<group>"; };
		0C47A8F086D8D95B1F4B0F3D /* Pods_Burrito_PlacesUITests.framework */ = {isa = PBXFileReference; explicitFileType = wrapper.framework; includeInIndex = 0; path = Pods_Burrito_PlacesUITests.framework; sourceTree = BUILT_PRODUCTS_DIR; };
		472A125946B45E50BFBF1E27 /* Pods_Burrito_PlacesTests.framework */ = {isa = PBXFileReference; explicitFileType = wrapper.framework; includeInIndex = 0; path = Pods_Burrito_PlacesTests.framework; sourceTree = BUILT_PRODUCTS_DIR; };
		4BE837566D450C3E7B70A971 /* Pods-Burrito PlacesUITests.release.xcconfig */ = {isa = PBXFileReference; includeInIndex = 1; lastKnownFileType = text.xcconfig; name = "Pods-Burrito PlacesUITests.release.xcconfig"; path = "Pods/Target Support Files/Pods-Burrito PlacesUITests/Pods-Burrito PlacesUITests.release.xcconfig"; sourceTree = "<group>"; };
		519B404E4411003A3237C71E /* Pods-Burrito Places.release.xcconfig */ = {isa = PBXFileReference; includeInIndex = 1; lastKnownFileType = text.xcconfig; name = "Pods-Burrito Places.release.xcconfig"; path = "Pods/Target Support Files/Pods-Burrito Places/Pods-Burrito Places.release.xcconfig"; sourceTree = "<group>"; };
		5FA339F1F32433FF7BB2E589 /* Pods-Burrito PlacesUITests.debug.xcconfig */ = {isa = PBXFileReference; includeInIndex = 1; lastKnownFileType = text.xcconfig; name = "Pods-Burrito PlacesUITests.debug.xcconfig"; path = "Pods/Target Support Files/Pods-Burrito PlacesUITests/Pods-Burrito PlacesUITests.debug.xcconfig"; sourceTree = "<group>"; };
		C0A438C69EB96A9AAFD4FE5D /* Pods-Burrito PlacesTests.release.xcconfig */ = {isa = PBXFileReference; includeInIndex = 1; lastKnownFileType = text.xcconfig; name = "Pods-Burrito PlacesTests.release.xcconfig"; path = "Pods/Target Support Files/Pods-Burrito PlacesTests/Pods-Burrito PlacesTests.release.xcconfig"; sourceTree = "<group>"; };
		CE305BA020DAE602006BA86C /* Map.storyboard */ = {isa = PBXFileReference; lastKnownFileType = file.storyboard; path = Map.storyboard; sourceTree = "<group>"; };
		CE305BA320DAE9EC006BA86C /* MapExtensions.swift */ = {isa = PBXFileReference; lastKnownFileType = sourcecode.swift; path = MapExtensions.swift; sourceTree = "<group>"; };
		CEFDEB3520D98A280010BAD2 /* Burrito Places.app */ = {isa = PBXFileReference; explicitFileType = wrapper.application; includeInIndex = 0; path = "Burrito Places.app"; sourceTree = BUILT_PRODUCTS_DIR; };
		CEFDEB3820D98A280010BAD2 /* AppDelegate.swift */ = {isa = PBXFileReference; lastKnownFileType = sourcecode.swift; path = AppDelegate.swift; sourceTree = "<group>"; };
		CEFDEB3D20D98A280010BAD2 /* Base */ = {isa = PBXFileReference; lastKnownFileType = file.storyboard; name = Base; path = Base.lproj/Main.storyboard; sourceTree = "<group>"; };
		CEFDEB4020D98A280010BAD2 /* Burrito_Places.xcdatamodel */ = {isa = PBXFileReference; lastKnownFileType = wrapper.xcdatamodel; path = Burrito_Places.xcdatamodel; sourceTree = "<group>"; };
		CEFDEB4220D98A2A0010BAD2 /* Assets.xcassets */ = {isa = PBXFileReference; lastKnownFileType = folder.assetcatalog; path = Assets.xcassets; sourceTree = "<group>"; };
		CEFDEB4520D98A2A0010BAD2 /* Base */ = {isa = PBXFileReference; lastKnownFileType = file.storyboard; name = Base; path = Base.lproj/LaunchScreen.storyboard; sourceTree = "<group>"; };
		CEFDEB4720D98A2A0010BAD2 /* Info.plist */ = {isa = PBXFileReference; lastKnownFileType = text.plist.xml; path = Info.plist; sourceTree = "<group>"; };
		CEFDEB4C20D98A2A0010BAD2 /* Burrito PlacesTests.xctest */ = {isa = PBXFileReference; explicitFileType = wrapper.cfbundle; includeInIndex = 0; path = "Burrito PlacesTests.xctest"; sourceTree = BUILT_PRODUCTS_DIR; };
		CEFDEB5020D98A2A0010BAD2 /* Burrito_PlacesTests.swift */ = {isa = PBXFileReference; lastKnownFileType = sourcecode.swift; path = Burrito_PlacesTests.swift; sourceTree = "<group>"; };
		CEFDEB5220D98A2A0010BAD2 /* Info.plist */ = {isa = PBXFileReference; lastKnownFileType = text.plist.xml; path = Info.plist; sourceTree = "<group>"; };
		CEFDEB5720D98A2A0010BAD2 /* Burrito PlacesUITests.xctest */ = {isa = PBXFileReference; explicitFileType = wrapper.cfbundle; includeInIndex = 0; path = "Burrito PlacesUITests.xctest"; sourceTree = BUILT_PRODUCTS_DIR; };
		CEFDEB5B20D98A2A0010BAD2 /* Burrito_PlacesUITests.swift */ = {isa = PBXFileReference; lastKnownFileType = sourcecode.swift; path = Burrito_PlacesUITests.swift; sourceTree = "<group>"; };
		CEFDEB5D20D98A2A0010BAD2 /* Info.plist */ = {isa = PBXFileReference; lastKnownFileType = text.plist.xml; path = Info.plist; sourceTree = "<group>"; };
		CEFDEB7020D994200010BAD2 /* BurritoPlacesMapViewController.swift */ = {isa = PBXFileReference; lastKnownFileType = sourcecode.swift; path = BurritoPlacesMapViewController.swift; sourceTree = "<group>"; };
		CEFDEB7220D9AE840010BAD2 /* BurritoExtensions.swift */ = {isa = PBXFileReference; lastKnownFileType = sourcecode.swift; path = BurritoExtensions.swift; sourceTree = "<group>"; };
		CEFDEB7420D9B7890010BAD2 /* BurritoPlacesTableViewController.swift */ = {isa = PBXFileReference; lastKnownFileType = sourcecode.swift; path = BurritoPlacesTableViewController.swift; sourceTree = "<group>"; };
		CEFDEB7620D9B7F70010BAD2 /* BurritoPlaceTableViewCell.swift */ = {isa = PBXFileReference; lastKnownFileType = sourcecode.swift; path = BurritoPlaceTableViewCell.swift; sourceTree = "<group>"; };
		DD3737411CE863554515B781 /* Pods-Burrito Places.debug.xcconfig */ = {isa = PBXFileReference; includeInIndex = 1; lastKnownFileType = text.xcconfig; name = "Pods-Burrito Places.debug.xcconfig"; path = "Pods/Target Support Files/Pods-Burrito Places/Pods-Burrito Places.debug.xcconfig"; sourceTree = "<group>"; };
		FD78B37B09086E876A0117C7 /* Pods_Burrito_Places.framework */ = {isa = PBXFileReference; explicitFileType = wrapper.framework; includeInIndex = 0; path = Pods_Burrito_Places.framework; sourceTree = BUILT_PRODUCTS_DIR; };
/* End PBXFileReference section */

/* Begin PBXFrameworksBuildPhase section */
		CEFDEB3220D98A280010BAD2 /* Frameworks */ = {
			isa = PBXFrameworksBuildPhase;
			buildActionMask = 2147483647;
			files = (
				8F0920D4EA2FC3B449F54AE5 /* Pods_Burrito_Places.framework in Frameworks */,
			);
			runOnlyForDeploymentPostprocessing = 0;
		};
		CEFDEB4920D98A2A0010BAD2 /* Frameworks */ = {
			isa = PBXFrameworksBuildPhase;
			buildActionMask = 2147483647;
			files = (
				78F0B8A2574300FD8A7C71F1 /* Pods_Burrito_PlacesTests.framework in Frameworks */,
			);
			runOnlyForDeploymentPostprocessing = 0;
		};
		CEFDEB5420D98A2A0010BAD2 /* Frameworks */ = {
			isa = PBXFrameworksBuildPhase;
			buildActionMask = 2147483647;
			files = (
				12828F0A6EB196940B3D1173 /* Pods_Burrito_PlacesUITests.framework in Frameworks */,
			);
			runOnlyForDeploymentPostprocessing = 0;
		};
/* End PBXFrameworksBuildPhase section */

/* Begin PBXGroup section */
		7744584AB98A2C0BB95F9CA2 /* Frameworks */ = {
			isa = PBXGroup;
			children = (
				FD78B37B09086E876A0117C7 /* Pods_Burrito_Places.framework */,
				472A125946B45E50BFBF1E27 /* Pods_Burrito_PlacesTests.framework */,
				0C47A8F086D8D95B1F4B0F3D /* Pods_Burrito_PlacesUITests.framework */,
			);
			name = Frameworks;
			sourceTree = "<group>";
		};
		A4F5662254A109D5AB309C20 /* Pods */ = {
			isa = PBXGroup;
			children = (
				DD3737411CE863554515B781 /* Pods-Burrito Places.debug.xcconfig */,
				519B404E4411003A3237C71E /* Pods-Burrito Places.release.xcconfig */,
				079B368FC3DC6A296A3667DF /* Pods-Burrito PlacesTests.debug.xcconfig */,
				C0A438C69EB96A9AAFD4FE5D /* Pods-Burrito PlacesTests.release.xcconfig */,
				5FA339F1F32433FF7BB2E589 /* Pods-Burrito PlacesUITests.debug.xcconfig */,
				4BE837566D450C3E7B70A971 /* Pods-Burrito PlacesUITests.release.xcconfig */,
			);
			name = Pods;
			sourceTree = "<group>";
		};
		CE305B9F20DAD1E0006BA86C /* BurritoTableView */ = {
			isa = PBXGroup;
			children = (
				CEFDEB3C20D98A280010BAD2 /* Main.storyboard */,
				CEFDEB7420D9B7890010BAD2 /* BurritoPlacesTableViewController.swift */,
				CEFDEB7620D9B7F70010BAD2 /* BurritoPlaceTableViewCell.swift */,
				CEFDEB7220D9AE840010BAD2 /* BurritoExtensions.swift */,
			);
			path = BurritoTableView;
			sourceTree = "<group>";
		};
		CE305BA220DAE705006BA86C /* BurritoMap */ = {
			isa = PBXGroup;
			children = (
				CE305BA020DAE602006BA86C /* Map.storyboard */,
				CEFDEB7020D994200010BAD2 /* BurritoPlacesMapViewController.swift */,
				CE305BA320DAE9EC006BA86C /* MapExtensions.swift */,
			);
			path = BurritoMap;
			sourceTree = "<group>";
		};
		CEFDEB2C20D98A280010BAD2 = {
			isa = PBXGroup;
			children = (
				CEFDEB3720D98A280010BAD2 /* Burrito Places */,
				CEFDEB4F20D98A2A0010BAD2 /* Burrito PlacesTests */,
				CEFDEB5A20D98A2A0010BAD2 /* Burrito PlacesUITests */,
				CEFDEB3620D98A280010BAD2 /* Products */,
				A4F5662254A109D5AB309C20 /* Pods */,
				7744584AB98A2C0BB95F9CA2 /* Frameworks */,
			);
			sourceTree = "<group>";
		};
		CEFDEB3620D98A280010BAD2 /* Products */ = {
			isa = PBXGroup;
			children = (
				CEFDEB3520D98A280010BAD2 /* Burrito Places.app */,
				CEFDEB4C20D98A2A0010BAD2 /* Burrito PlacesTests.xctest */,
				CEFDEB5720D98A2A0010BAD2 /* Burrito PlacesUITests.xctest */,
			);
			name = Products;
			sourceTree = "<group>";
		};
		CEFDEB3720D98A280010BAD2 /* Burrito Places */ = {
			isa = PBXGroup;
			children = (
				CE305B9F20DAD1E0006BA86C /* BurritoTableView */,
				CE305BA220DAE705006BA86C /* BurritoMap */,
				CEFDEB4720D98A2A0010BAD2 /* Info.plist */,
				CEFDEB6920D98A470010BAD2 /* Supporting Files */,
			);
			path = "Burrito Places";
			sourceTree = "<group>";
		};
		CEFDEB4F20D98A2A0010BAD2 /* Burrito PlacesTests */ = {
			isa = PBXGroup;
			children = (
				CEFDEB5020D98A2A0010BAD2 /* Burrito_PlacesTests.swift */,
				CEFDEB5220D98A2A0010BAD2 /* Info.plist */,
			);
			path = "Burrito PlacesTests";
			sourceTree = "<group>";
		};
		CEFDEB5A20D98A2A0010BAD2 /* Burrito PlacesUITests */ = {
			isa = PBXGroup;
			children = (
				CEFDEB5B20D98A2A0010BAD2 /* Burrito_PlacesUITests.swift */,
				CEFDEB5D20D98A2A0010BAD2 /* Info.plist */,
			);
			path = "Burrito PlacesUITests";
			sourceTree = "<group>";
		};
		CEFDEB6920D98A470010BAD2 /* Supporting Files */ = {
			isa = PBXGroup;
			children = (
				CEFDEB3820D98A280010BAD2 /* AppDelegate.swift */,
				CEFDEB4220D98A2A0010BAD2 /* Assets.xcassets */,
				CEFDEB4420D98A2A0010BAD2 /* LaunchScreen.storyboard */,
				CEFDEB3F20D98A280010BAD2 /* Burrito_Places.xcdatamodeld */,
			);
			path = "Supporting Files";
			sourceTree = "<group>";
		};
/* End PBXGroup section */

/* Begin PBXNativeTarget section */
		CEFDEB3420D98A280010BAD2 /* Burrito Places */ = {
			isa = PBXNativeTarget;
			buildConfigurationList = CEFDEB6020D98A2A0010BAD2 /* Build configuration list for PBXNativeTarget "Burrito Places" */;
			buildPhases = (
				A4BBB7A38C450572635585E0 /* [CP] Check Pods Manifest.lock */,
				CEFDEB3120D98A280010BAD2 /* Sources */,
				CEFDEB3220D98A280010BAD2 /* Frameworks */,
				CEFDEB3320D98A280010BAD2 /* Resources */,
				AAD165BD4915C68D38336738 /* [CP] Copy Pods Resources */,
			);
			buildRules = (
			);
			dependencies = (
			);
			name = "Burrito Places";
			productName = "Burrito Places";
			productReference = CEFDEB3520D98A280010BAD2 /* Burrito Places.app */;
			productType = "com.apple.product-type.application";
		};
		CEFDEB4B20D98A2A0010BAD2 /* Burrito PlacesTests */ = {
			isa = PBXNativeTarget;
			buildConfigurationList = CEFDEB6320D98A2A0010BAD2 /* Build configuration list for PBXNativeTarget "Burrito PlacesTests" */;
			buildPhases = (
				E3DF196CA5543DC9BCD132A2 /* [CP] Check Pods Manifest.lock */,
				CEFDEB4820D98A2A0010BAD2 /* Sources */,
				CEFDEB4920D98A2A0010BAD2 /* Frameworks */,
				CEFDEB4A20D98A2A0010BAD2 /* Resources */,
			);
			buildRules = (
			);
			dependencies = (
				CEFDEB4E20D98A2A0010BAD2 /* PBXTargetDependency */,
			);
			name = "Burrito PlacesTests";
			productName = "Burrito PlacesTests";
			productReference = CEFDEB4C20D98A2A0010BAD2 /* Burrito PlacesTests.xctest */;
			productType = "com.apple.product-type.bundle.unit-test";
		};
		CEFDEB5620D98A2A0010BAD2 /* Burrito PlacesUITests */ = {
			isa = PBXNativeTarget;
			buildConfigurationList = CEFDEB6620D98A2A0010BAD2 /* Build configuration list for PBXNativeTarget "Burrito PlacesUITests" */;
			buildPhases = (
				753385E06CADE8D063ADCB9A /* [CP] Check Pods Manifest.lock */,
				CEFDEB5320D98A2A0010BAD2 /* Sources */,
				CEFDEB5420D98A2A0010BAD2 /* Frameworks */,
				CEFDEB5520D98A2A0010BAD2 /* Resources */,
			);
			buildRules = (
			);
			dependencies = (
				CEFDEB5920D98A2A0010BAD2 /* PBXTargetDependency */,
			);
			name = "Burrito PlacesUITests";
			productName = "Burrito PlacesUITests";
			productReference = CEFDEB5720D98A2A0010BAD2 /* Burrito PlacesUITests.xctest */;
			productType = "com.apple.product-type.bundle.ui-testing";
		};
/* End PBXNativeTarget section */

/* Begin PBXProject section */
		CEFDEB2D20D98A280010BAD2 /* Project object */ = {
			isa = PBXProject;
			attributes = {
				LastSwiftUpdateCheck = 0940;
				LastUpgradeCheck = 0940;
				ORGANIZATIONNAME = "Jonathan King";
				TargetAttributes = {
					CEFDEB3420D98A280010BAD2 = {
						CreatedOnToolsVersion = 9.4.1;
					};
					CEFDEB4B20D98A2A0010BAD2 = {
						CreatedOnToolsVersion = 9.4.1;
						TestTargetID = CEFDEB3420D98A280010BAD2;
					};
					CEFDEB5620D98A2A0010BAD2 = {
						CreatedOnToolsVersion = 9.4.1;
						TestTargetID = CEFDEB3420D98A280010BAD2;
					};
				};
			};
			buildConfigurationList = CEFDEB3020D98A280010BAD2 /* Build configuration list for PBXProject "Burrito Places" */;
			compatibilityVersion = "Xcode 9.3";
			developmentRegion = en;
			hasScannedForEncodings = 0;
			knownRegions = (
				en,
				Base,
			);
			mainGroup = CEFDEB2C20D98A280010BAD2;
			productRefGroup = CEFDEB3620D98A280010BAD2 /* Products */;
			projectDirPath = "";
			projectRoot = "";
			targets = (
				CEFDEB3420D98A280010BAD2 /* Burrito Places */,
				CEFDEB4B20D98A2A0010BAD2 /* Burrito PlacesTests */,
				CEFDEB5620D98A2A0010BAD2 /* Burrito PlacesUITests */,
			);
		};
/* End PBXProject section */

/* Begin PBXResourcesBuildPhase section */
		CEFDEB3320D98A280010BAD2 /* Resources */ = {
			isa = PBXResourcesBuildPhase;
			buildActionMask = 2147483647;
			files = (
				CEFDEB4620D98A2A0010BAD2 /* LaunchScreen.storyboard in Resources */,
				CEFDEB4320D98A2A0010BAD2 /* Assets.xcassets in Resources */,
				CEFDEB3E20D98A280010BAD2 /* Main.storyboard in Resources */,
				CE305BA120DAE602006BA86C /* Map.storyboard in Resources */,
			);
			runOnlyForDeploymentPostprocessing = 0;
		};
		CEFDEB4A20D98A2A0010BAD2 /* Resources */ = {
			isa = PBXResourcesBuildPhase;
			buildActionMask = 2147483647;
			files = (
			);
			runOnlyForDeploymentPostprocessing = 0;
		};
		CEFDEB5520D98A2A0010BAD2 /* Resources */ = {
			isa = PBXResourcesBuildPhase;
			buildActionMask = 2147483647;
			files = (
			);
			runOnlyForDeploymentPostprocessing = 0;
		};
/* End PBXResourcesBuildPhase section */

/* Begin PBXShellScriptBuildPhase section */
		753385E06CADE8D063ADCB9A /* [CP] Check Pods Manifest.lock */ = {
			isa = PBXShellScriptBuildPhase;
			buildActionMask = 2147483647;
			files = (
			);
			inputPaths = (
				"${PODS_PODFILE_DIR_PATH}/Podfile.lock",
				"${PODS_ROOT}/Manifest.lock",
			);
			name = "[CP] Check Pods Manifest.lock";
			outputPaths = (
				"$(DERIVED_FILE_DIR)/Pods-Burrito PlacesUITests-checkManifestLockResult.txt",
			);
			runOnlyForDeploymentPostprocessing = 0;
			shellPath = /bin/sh;
			shellScript = "diff \"${PODS_PODFILE_DIR_PATH}/Podfile.lock\" \"${PODS_ROOT}/Manifest.lock\" > /dev/null\nif [ $? != 0 ] ; then\n    # print error to STDERR\n    echo \"error: The sandbox is not in sync with the Podfile.lock. Run 'pod install' or update your CocoaPods installation.\" >&2\n    exit 1\nfi\n# This output is used by Xcode 'outputs' to avoid re-running this script phase.\necho \"SUCCESS\" > \"${SCRIPT_OUTPUT_FILE_0}\"\n";
			showEnvVarsInLog = 0;
		};
		A4BBB7A38C450572635585E0 /* [CP] Check Pods Manifest.lock */ = {
			isa = PBXShellScriptBuildPhase;
			buildActionMask = 2147483647;
			files = (
			);
			inputPaths = (
				"${PODS_PODFILE_DIR_PATH}/Podfile.lock",
				"${PODS_ROOT}/Manifest.lock",
			);
			name = "[CP] Check Pods Manifest.lock";
			outputPaths = (
				"$(DERIVED_FILE_DIR)/Pods-Burrito Places-checkManifestLockResult.txt",
			);
			runOnlyForDeploymentPostprocessing = 0;
			shellPath = /bin/sh;
			shellScript = "diff \"${PODS_PODFILE_DIR_PATH}/Podfile.lock\" \"${PODS_ROOT}/Manifest.lock\" > /dev/null\nif [ $? != 0 ] ; then\n    # print error to STDERR\n    echo \"error: The sandbox is not in sync with the Podfile.lock. Run 'pod install' or update your CocoaPods installation.\" >&2\n    exit 1\nfi\n# This output is used by Xcode 'outputs' to avoid re-running this script phase.\necho \"SUCCESS\" > \"${SCRIPT_OUTPUT_FILE_0}\"\n";
			showEnvVarsInLog = 0;
		};
		AAD165BD4915C68D38336738 /* [CP] Copy Pods Resources */ = {
			isa = PBXShellScriptBuildPhase;
			buildActionMask = 2147483647;
			files = (
			);
			inputPaths = (
				"${SRCROOT}/Pods/Target Support Files/Pods-Burrito Places/Pods-Burrito Places-resources.sh",
				"${PODS_ROOT}/GoogleMaps/Maps/Frameworks/GoogleMaps.framework/Resources/GoogleMaps.bundle",
				"${PODS_ROOT}/GooglePlacePicker/Frameworks/GooglePlacePicker.framework/Resources/GooglePlacePicker.bundle",
				"${PODS_ROOT}/GooglePlaces/Frameworks/GooglePlaces.framework/Resources/GooglePlaces.bundle",
			);
			name = "[CP] Copy Pods Resources";
			outputPaths = (
				"${TARGET_BUILD_DIR}/${UNLOCALIZED_RESOURCES_FOLDER_PATH}/GoogleMaps.bundle",
				"${TARGET_BUILD_DIR}/${UNLOCALIZED_RESOURCES_FOLDER_PATH}/GooglePlacePicker.bundle",
				"${TARGET_BUILD_DIR}/${UNLOCALIZED_RESOURCES_FOLDER_PATH}/GooglePlaces.bundle",
			);
			runOnlyForDeploymentPostprocessing = 0;
			shellPath = /bin/sh;
			shellScript = "\"${SRCROOT}/Pods/Target Support Files/Pods-Burrito Places/Pods-Burrito Places-resources.sh\"\n";
			showEnvVarsInLog = 0;
		};
		E3DF196CA5543DC9BCD132A2 /* [CP] Check Pods Manifest.lock */ = {
			isa = PBXShellScriptBuildPhase;
			buildActionMask = 2147483647;
			files = (
			);
			inputPaths = (
				"${PODS_PODFILE_DIR_PATH}/Podfile.lock",
				"${PODS_ROOT}/Manifest.lock",
			);
			name = "[CP] Check Pods Manifest.lock";
			outputPaths = (
				"$(DERIVED_FILE_DIR)/Pods-Burrito PlacesTests-checkManifestLockResult.txt",
			);
			runOnlyForDeploymentPostprocessing = 0;
			shellPath = /bin/sh;
			shellScript = "diff \"${PODS_PODFILE_DIR_PATH}/Podfile.lock\" \"${PODS_ROOT}/Manifest.lock\" > /dev/null\nif [ $? != 0 ] ; then\n    # print error to STDERR\n    echo \"error: The sandbox is not in sync with the Podfile.lock. Run 'pod install' or update your CocoaPods installation.\" >&2\n    exit 1\nfi\n# This output is used by Xcode 'outputs' to avoid re-running this script phase.\necho \"SUCCESS\" > \"${SCRIPT_OUTPUT_FILE_0}\"\n";
			showEnvVarsInLog = 0;
		};
/* End PBXShellScriptBuildPhase section */

/* Begin PBXSourcesBuildPhase section */
		CEFDEB3120D98A280010BAD2 /* Sources */ = {
			isa = PBXSourcesBuildPhase;
			buildActionMask = 2147483647;
			files = (
				CEFDEB3920D98A280010BAD2 /* AppDelegate.swift in Sources */,
				CE305BA420DAE9EC006BA86C /* MapExtensions.swift in Sources */,
				CEFDEB7720D9B7F70010BAD2 /* BurritoPlaceTableViewCell.swift in Sources */,
				CEFDEB7120D994200010BAD2 /* BurritoPlacesMapViewController.swift in Sources */,
				CEFDEB7520D9B7890010BAD2 /* BurritoPlacesTableViewController.swift in Sources */,
				CEFDEB4120D98A280010BAD2 /* Burrito_Places.xcdatamodeld in Sources */,
				CEFDEB7320D9AE840010BAD2 /* BurritoExtensions.swift in Sources */,
			);
			runOnlyForDeploymentPostprocessing = 0;
		};
		CEFDEB4820D98A2A0010BAD2 /* Sources */ = {
			isa = PBXSourcesBuildPhase;
			buildActionMask = 2147483647;
			files = (
				CEFDEB5120D98A2A0010BAD2 /* Burrito_PlacesTests.swift in Sources */,
			);
			runOnlyForDeploymentPostprocessing = 0;
		};
		CEFDEB5320D98A2A0010BAD2 /* Sources */ = {
			isa = PBXSourcesBuildPhase;
			buildActionMask = 2147483647;
			files = (
				CEFDEB5C20D98A2A0010BAD2 /* Burrito_PlacesUITests.swift in Sources */,
			);
			runOnlyForDeploymentPostprocessing = 0;
		};
/* End PBXSourcesBuildPhase section */

/* Begin PBXTargetDependency section */
		CEFDEB4E20D98A2A0010BAD2 /* PBXTargetDependency */ = {
			isa = PBXTargetDependency;
			target = CEFDEB3420D98A280010BAD2 /* Burrito Places */;
			targetProxy = CEFDEB4D20D98A2A0010BAD2 /* PBXContainerItemProxy */;
		};
		CEFDEB5920D98A2A0010BAD2 /* PBXTargetDependency */ = {
			isa = PBXTargetDependency;
			target = CEFDEB3420D98A280010BAD2 /* Burrito Places */;
			targetProxy = CEFDEB5820D98A2A0010BAD2 /* PBXContainerItemProxy */;
		};
/* End PBXTargetDependency section */

/* Begin PBXVariantGroup section */
		CEFDEB3C20D98A280010BAD2 /* Main.storyboard */ = {
			isa = PBXVariantGroup;
			children = (
				CEFDEB3D20D98A280010BAD2 /* Base */,
			);
			name = Main.storyboard;
			sourceTree = "<group>";
		};
		CEFDEB4420D98A2A0010BAD2 /* LaunchScreen.storyboard */ = {
			isa = PBXVariantGroup;
			children = (
				CEFDEB4520D98A2A0010BAD2 /* Base */,
			);
			name = LaunchScreen.storyboard;
			sourceTree = "<group>";
		};
/* End PBXVariantGroup section */

/* Begin XCBuildConfiguration section */
		CEFDEB5E20D98A2A0010BAD2 /* Debug */ = {
			isa = XCBuildConfiguration;
			buildSettings = {
				ALWAYS_SEARCH_USER_PATHS = NO;
				CLANG_ANALYZER_NONNULL = YES;
				CLANG_ANALYZER_NUMBER_OBJECT_CONVERSION = YES_AGGRESSIVE;
				CLANG_CXX_LANGUAGE_STANDARD = "gnu++14";
				CLANG_CXX_LIBRARY = "libc++";
				CLANG_ENABLE_MODULES = YES;
				CLANG_ENABLE_OBJC_ARC = YES;
				CLANG_ENABLE_OBJC_WEAK = YES;
				CLANG_WARN_BLOCK_CAPTURE_AUTORELEASING = YES;
				CLANG_WARN_BOOL_CONVERSION = YES;
				CLANG_WARN_COMMA = YES;
				CLANG_WARN_CONSTANT_CONVERSION = YES;
				CLANG_WARN_DEPRECATED_OBJC_IMPLEMENTATIONS = YES;
				CLANG_WARN_DIRECT_OBJC_ISA_USAGE = YES_ERROR;
				CLANG_WARN_DOCUMENTATION_COMMENTS = YES;
				CLANG_WARN_EMPTY_BODY = YES;
				CLANG_WARN_ENUM_CONVERSION = YES;
				CLANG_WARN_INFINITE_RECURSION = YES;
				CLANG_WARN_INT_CONVERSION = YES;
				CLANG_WARN_NON_LITERAL_NULL_CONVERSION = YES;
				CLANG_WARN_OBJC_IMPLICIT_RETAIN_SELF = YES;
				CLANG_WARN_OBJC_LITERAL_CONVERSION = YES;
				CLANG_WARN_OBJC_ROOT_CLASS = YES_ERROR;
				CLANG_WARN_RANGE_LOOP_ANALYSIS = YES;
				CLANG_WARN_STRICT_PROTOTYPES = YES;
				CLANG_WARN_SUSPICIOUS_MOVE = YES;
				CLANG_WARN_UNGUARDED_AVAILABILITY = YES_AGGRESSIVE;
				CLANG_WARN_UNREACHABLE_CODE = YES;
				CLANG_WARN__DUPLICATE_METHOD_MATCH = YES;
				CODE_SIGN_IDENTITY = "iPhone Developer";
				COPY_PHASE_STRIP = NO;
				DEBUG_INFORMATION_FORMAT = dwarf;
				ENABLE_STRICT_OBJC_MSGSEND = YES;
				ENABLE_TESTABILITY = YES;
				GCC_C_LANGUAGE_STANDARD = gnu11;
				GCC_DYNAMIC_NO_PIC = NO;
				GCC_NO_COMMON_BLOCKS = YES;
				GCC_OPTIMIZATION_LEVEL = 0;
				GCC_PREPROCESSOR_DEFINITIONS = (
					"DEBUG=1",
					"$(inherited)",
				);
				GCC_WARN_64_TO_32_BIT_CONVERSION = YES;
				GCC_WARN_ABOUT_RETURN_TYPE = YES_ERROR;
				GCC_WARN_UNDECLARED_SELECTOR = YES;
				GCC_WARN_UNINITIALIZED_AUTOS = YES_AGGRESSIVE;
				GCC_WARN_UNUSED_FUNCTION = YES;
				GCC_WARN_UNUSED_VARIABLE = YES;
				IPHONEOS_DEPLOYMENT_TARGET = 11.4;
				MTL_ENABLE_DEBUG_INFO = YES;
				ONLY_ACTIVE_ARCH = YES;
				SDKROOT = iphoneos;
				SWIFT_ACTIVE_COMPILATION_CONDITIONS = DEBUG;
				SWIFT_OPTIMIZATION_LEVEL = "-Onone";
			};
			name = Debug;
		};
		CEFDEB5F20D98A2A0010BAD2 /* Release */ = {
			isa = XCBuildConfiguration;
			buildSettings = {
				ALWAYS_SEARCH_USER_PATHS = NO;
				CLANG_ANALYZER_NONNULL = YES;
				CLANG_ANALYZER_NUMBER_OBJECT_CONVERSION = YES_AGGRESSIVE;
				CLANG_CXX_LANGUAGE_STANDARD = "gnu++14";
				CLANG_CXX_LIBRARY = "libc++";
				CLANG_ENABLE_MODULES = YES;
				CLANG_ENABLE_OBJC_ARC = YES;
				CLANG_ENABLE_OBJC_WEAK = YES;
				CLANG_WARN_BLOCK_CAPTURE_AUTORELEASING = YES;
				CLANG_WARN_BOOL_CONVERSION = YES;
				CLANG_WARN_COMMA = YES;
				CLANG_WARN_CONSTANT_CONVERSION = YES;
				CLANG_WARN_DEPRECATED_OBJC_IMPLEMENTATIONS = YES;
				CLANG_WARN_DIRECT_OBJC_ISA_USAGE = YES_ERROR;
				CLANG_WARN_DOCUMENTATION_COMMENTS = YES;
				CLANG_WARN_EMPTY_BODY = YES;
				CLANG_WARN_ENUM_CONVERSION = YES;
				CLANG_WARN_INFINITE_RECURSION = YES;
				CLANG_WARN_INT_CONVERSION = YES;
				CLANG_WARN_NON_LITERAL_NULL_CONVERSION = YES;
				CLANG_WARN_OBJC_IMPLICIT_RETAIN_SELF = YES;
				CLANG_WARN_OBJC_LITERAL_CONVERSION = YES;
				CLANG_WARN_OBJC_ROOT_CLASS = YES_ERROR;
				CLANG_WARN_RANGE_LOOP_ANALYSIS = YES;
				CLANG_WARN_STRICT_PROTOTYPES = YES;
				CLANG_WARN_SUSPICIOUS_MOVE = YES;
				CLANG_WARN_UNGUARDED_AVAILABILITY = YES_AGGRESSIVE;
				CLANG_WARN_UNREACHABLE_CODE = YES;
				CLANG_WARN__DUPLICATE_METHOD_MATCH = YES;
				CODE_SIGN_IDENTITY = "iPhone Developer";
				COPY_PHASE_STRIP = NO;
				DEBUG_INFORMATION_FORMAT = "dwarf-with-dsym";
				ENABLE_NS_ASSERTIONS = NO;
				ENABLE_STRICT_OBJC_MSGSEND = YES;
				GCC_C_LANGUAGE_STANDARD = gnu11;
				GCC_NO_COMMON_BLOCKS = YES;
				GCC_WARN_64_TO_32_BIT_CONVERSION = YES;
				GCC_WARN_ABOUT_RETURN_TYPE = YES_ERROR;
				GCC_WARN_UNDECLARED_SELECTOR = YES;
				GCC_WARN_UNINITIALIZED_AUTOS = YES_AGGRESSIVE;
				GCC_WARN_UNUSED_FUNCTION = YES;
				GCC_WARN_UNUSED_VARIABLE = YES;
				IPHONEOS_DEPLOYMENT_TARGET = 11.4;
				MTL_ENABLE_DEBUG_INFO = NO;
				SDKROOT = iphoneos;
				SWIFT_COMPILATION_MODE = wholemodule;
				SWIFT_OPTIMIZATION_LEVEL = "-O";
				VALIDATE_PRODUCT = YES;
			};
			name = Release;
		};
		CEFDEB6120D98A2A0010BAD2 /* Debug */ = {
			isa = XCBuildConfiguration;
			baseConfigurationReference = DD3737411CE863554515B781 /* Pods-Burrito Places.debug.xcconfig */;
			buildSettings = {
				ASSETCATALOG_COMPILER_APPICON_NAME = AppIcon;
				CODE_SIGN_STYLE = Automatic;
				DEVELOPMENT_TEAM = UDMUJTW7LR;
				INFOPLIST_FILE = "Burrito Places/Info.plist";
				LD_RUNPATH_SEARCH_PATHS = (
					"$(inherited)",
					"@executable_path/Frameworks",
				);
				PRODUCT_BUNDLE_IDENTIFIER = "etc.Burrito-Places";
				PRODUCT_NAME = "$(TARGET_NAME)";
				SWIFT_VERSION = 4.0;
				TARGETED_DEVICE_FAMILY = "1,2";
			};
			name = Debug;
		};
		CEFDEB6220D98A2A0010BAD2 /* Release */ = {
			isa = XCBuildConfiguration;
			baseConfigurationReference = 519B404E4411003A3237C71E /* Pods-Burrito Places.release.xcconfig */;
			buildSettings = {
				ASSETCATALOG_COMPILER_APPICON_NAME = AppIcon;
				CODE_SIGN_STYLE = Automatic;
				DEVELOPMENT_TEAM = UDMUJTW7LR;
				INFOPLIST_FILE = "Burrito Places/Info.plist";
				LD_RUNPATH_SEARCH_PATHS = (
					"$(inherited)",
					"@executable_path/Frameworks",
				);
				PRODUCT_BUNDLE_IDENTIFIER = "etc.Burrito-Places";
				PRODUCT_NAME = "$(TARGET_NAME)";
				SWIFT_VERSION = 4.0;
				TARGETED_DEVICE_FAMILY = "1,2";
			};
			name = Release;
		};
		CEFDEB6420D98A2A0010BAD2 /* Debug */ = {
			isa = XCBuildConfiguration;
			baseConfigurationReference = 079B368FC3DC6A296A3667DF /* Pods-Burrito PlacesTests.debug.xcconfig */;
			buildSettings = {
				ALWAYS_EMBED_SWIFT_STANDARD_LIBRARIES = YES;
				BUNDLE_LOADER = "$(TEST_HOST)";
				CODE_SIGN_STYLE = Automatic;
				DEVELOPMENT_TEAM = UDMUJTW7LR;
				INFOPLIST_FILE = "Burrito PlacesTests/Info.plist";
				LD_RUNPATH_SEARCH_PATHS = (
					"$(inherited)",
					"@executable_path/Frameworks",
					"@loader_path/Frameworks",
				);
				PRODUCT_BUNDLE_IDENTIFIER = "etc.Burrito-PlacesTests";
				PRODUCT_NAME = "$(TARGET_NAME)";
				SWIFT_VERSION = 4.0;
				TARGETED_DEVICE_FAMILY = "1,2";
				TEST_HOST = "$(BUILT_PRODUCTS_DIR)/Burrito Places.app/Burrito Places";
			};
			name = Debug;
		};
		CEFDEB6520D98A2A0010BAD2 /* Release */ = {
			isa = XCBuildConfiguration;
			baseConfigurationReference = C0A438C69EB96A9AAFD4FE5D /* Pods-Burrito PlacesTests.release.xcconfig */;
			buildSettings = {
				ALWAYS_EMBED_SWIFT_STANDARD_LIBRARIES = YES;
				BUNDLE_LOADER = "$(TEST_HOST)";
				CODE_SIGN_STYLE = Automatic;
				DEVELOPMENT_TEAM = UDMUJTW7LR;
				INFOPLIST_FILE = "Burrito PlacesTests/Info.plist";
				LD_RUNPATH_SEARCH_PATHS = (
					"$(inherited)",
					"@executable_path/Frameworks",
					"@loader_path/Frameworks",
				);
				PRODUCT_BUNDLE_IDENTIFIER = "etc.Burrito-PlacesTests";
				PRODUCT_NAME = "$(TARGET_NAME)";
				SWIFT_VERSION = 4.0;
				TARGETED_DEVICE_FAMILY = "1,2";
				TEST_HOST = "$(BUILT_PRODUCTS_DIR)/Burrito Places.app/Burrito Places";
			};
			name = Release;
		};
		CEFDEB6720D98A2A0010BAD2 /* Debug */ = {
			isa = XCBuildConfiguration;
			baseConfigurationReference = 5FA339F1F32433FF7BB2E589 /* Pods-Burrito PlacesUITests.debug.xcconfig */;
			buildSettings = {
				ALWAYS_EMBED_SWIFT_STANDARD_LIBRARIES = YES;
				CODE_SIGN_STYLE = Automatic;
				DEVELOPMENT_TEAM = UDMUJTW7LR;
				INFOPLIST_FILE = "Burrito PlacesUITests/Info.plist";
				LD_RUNPATH_SEARCH_PATHS = (
					"$(inherited)",
					"@executable_path/Frameworks",
					"@loader_path/Frameworks",
				);
				PRODUCT_BUNDLE_IDENTIFIER = "etc.Burrito-PlacesUITests";
				PRODUCT_NAME = "$(TARGET_NAME)";
				SWIFT_VERSION = 4.0;
				TARGETED_DEVICE_FAMILY = "1,2";
				TEST_TARGET_NAME = "Burrito Places";
			};
			name = Debug;
		};
		CEFDEB6820D98A2A0010BAD2 /* Release */ = {
			isa = XCBuildConfiguration;
			baseConfigurationReference = 4BE837566D450C3E7B70A971 /* Pods-Burrito PlacesUITests.release.xcconfig */;
			buildSettings = {
				ALWAYS_EMBED_SWIFT_STANDARD_LIBRARIES = YES;
				CODE_SIGN_STYLE = Automatic;
				DEVELOPMENT_TEAM = UDMUJTW7LR;
				INFOPLIST_FILE = "Burrito PlacesUITests/Info.plist";
				LD_RUNPATH_SEARCH_PATHS = (
					"$(inherited)",
					"@executable_path/Frameworks",
					"@loader_path/Frameworks",
				);
				PRODUCT_BUNDLE_IDENTIFIER = "etc.Burrito-PlacesUITests";
				PRODUCT_NAME = "$(TARGET_NAME)";
				SWIFT_VERSION = 4.0;
				TARGETED_DEVICE_FAMILY = "1,2";
				TEST_TARGET_NAME = "Burrito Places";
			};
			name = Release;
		};
/* End XCBuildConfiguration section */

/* Begin XCConfigurationList section */
		CEFDEB3020D98A280010BAD2 /* Build configuration list for PBXProject "Burrito Places" */ = {
			isa = XCConfigurationList;
			buildConfigurations = (
				CEFDEB5E20D98A2A0010BAD2 /* Debug */,
				CEFDEB5F20D98A2A0010BAD2 /* Release */,
			);
			defaultConfigurationIsVisible = 0;
			defaultConfigurationName = Release;
		};
		CEFDEB6020D98A2A0010BAD2 /* Build configuration list for PBXNativeTarget "Burrito Places" */ = {
			isa = XCConfigurationList;
			buildConfigurations = (
				CEFDEB6120D98A2A0010BAD2 /* Debug */,
				CEFDEB6220D98A2A0010BAD2 /* Release */,
			);
			defaultConfigurationIsVisible = 0;
			defaultConfigurationName = Release;
		};
		CEFDEB6320D98A2A0010BAD2 /* Build configuration list for PBXNativeTarget "Burrito PlacesTests" */ = {
			isa = XCConfigurationList;
			buildConfigurations = (
				CEFDEB6420D98A2A0010BAD2 /* Debug */,
				CEFDEB6520D98A2A0010BAD2 /* Release */,
			);
			defaultConfigurationIsVisible = 0;
			defaultConfigurationName = Release;
		};
		CEFDEB6620D98A2A0010BAD2 /* Build configuration list for PBXNativeTarget "Burrito PlacesUITests" */ = {
			isa = XCConfigurationList;
			buildConfigurations = (
				CEFDEB6720D98A2A0010BAD2 /* Debug */,
				CEFDEB6820D98A2A0010BAD2 /* Release */,
			);
			defaultConfigurationIsVisible = 0;
			defaultConfigurationName = Release;
		};
/* End XCConfigurationList section */

/* Begin XCVersionGroup section */
		CEFDEB3F20D98A280010BAD2 /* Burrito_Places.xcdatamodeld */ = {
			isa = XCVersionGroup;
			children = (
				CEFDEB4020D98A280010BAD2 /* Burrito_Places.xcdatamodel */,
			);
			currentVersion = CEFDEB4020D98A280010BAD2 /* Burrito_Places.xcdatamodel */;
			path = Burrito_Places.xcdatamodeld;
			sourceTree = "<group>";
			versionGroupType = wrapper.xcdatamodel;
		};
/* End XCVersionGroup section */
	};
	rootObject = CEFDEB2D20D98A280010BAD2 /* Project object */;
}
